// !$*UTF8*$!
{
	archiveVersion = 1;
	classes = {
	};
	objectVersion = 50;
	objects = {

/* Begin PBXBuildFile section */
		530E558422C454830099C77F /* CTUITextField.swift in Sources */ = {isa = PBXBuildFile; fileRef = 530E558322C454830099C77F /* CTUITextField.swift */; };
		5347A7A222C30FB500EA0115 /* ModalViewController.swift in Sources */ = {isa = PBXBuildFile; fileRef = 5347A7A122C30FB500EA0115 /* ModalViewController.swift */; };
		5347A7AC22C3563900EA0115 /* CustomCollectionViewCell.swift in Sources */ = {isa = PBXBuildFile; fileRef = 5347A7AA22C3563900EA0115 /* CustomCollectionViewCell.swift */; };
		5347A7AD22C3563900EA0115 /* CustomCollectionViewCell.xib in Resources */ = {isa = PBXBuildFile; fileRef = 5347A7AB22C3563900EA0115 /* CustomCollectionViewCell.xib */; };
		53A7484622B9FE7600B737B8 /* AppDelegate.swift in Sources */ = {isa = PBXBuildFile; fileRef = 53A7484522B9FE7600B737B8 /* AppDelegate.swift */; };
		53A7484822B9FE7600B737B8 /* RoomListViewController.swift in Sources */ = {isa = PBXBuildFile; fileRef = 53A7484722B9FE7600B737B8 /* RoomListViewController.swift */; };
		53A7484B22B9FE7600B737B8 /* Main.storyboard in Resources */ = {isa = PBXBuildFile; fileRef = 53A7484922B9FE7600B737B8 /* Main.storyboard */; };
		53A7484D22B9FE7800B737B8 /* Assets.xcassets in Resources */ = {isa = PBXBuildFile; fileRef = 53A7484C22B9FE7800B737B8 /* Assets.xcassets */; };
		53A7485022B9FE7800B737B8 /* LaunchScreen.storyboard in Resources */ = {isa = PBXBuildFile; fileRef = 53A7484E22B9FE7800B737B8 /* LaunchScreen.storyboard */; };
		53A7485D22BA03EE00B737B8 /* RxSwift.framework in Frameworks */ = {isa = PBXBuildFile; fileRef = 53A7485822BA00D900B737B8 /* RxSwift.framework */; };
		53A7485E22BA03FA00B737B8 /* RxCocoa.framework in Frameworks */ = {isa = PBXBuildFile; fileRef = 53A7485B22BA016300B737B8 /* RxCocoa.framework */; };
		53A7486022BA04F500B737B8 /* RxRelay.framework in Frameworks */ = {isa = PBXBuildFile; fileRef = 53A7485F22BA04F500B737B8 /* RxRelay.framework */; };
		53A7486722BB1DAB00B737B8 /* RoomViewController.swift in Sources */ = {isa = PBXBuildFile; fileRef = 53A7486622BB1DAB00B737B8 /* RoomViewController.swift */; };
		53A7486B22BB40FD00B737B8 /* CoreText.framework in Frameworks */ = {isa = PBXBuildFile; fileRef = 53A7486A22BB40FD00B737B8 /* CoreText.framework */; };
		53A7487122BB542D00B737B8 /* CTLabel.swift in Sources */ = {isa = PBXBuildFile; fileRef = 53A7487022BB542D00B737B8 /* CTLabel.swift */; };
		53A7487522BC782C00B737B8 /* CustomTableViewCell.swift in Sources */ = {isa = PBXBuildFile; fileRef = 53A7487322BC782C00B737B8 /* CustomTableViewCell.swift */; };
		53A7487622BC782C00B737B8 /* CustomTableViewCell.xib in Resources */ = {isa = PBXBuildFile; fileRef = 53A7487422BC782C00B737B8 /* CustomTableViewCell.xib */; };
		53B0453F22C06AA6003420C5 /* RootViewController.swift in Sources */ = {isa = PBXBuildFile; fileRef = 53B0453E22C06AA6003420C5 /* RootViewController.swift */; };
		53B0454122C06D4D003420C5 /* RoomListViewModel.swift in Sources */ = {isa = PBXBuildFile; fileRef = 53B0454022C06D4D003420C5 /* RoomListViewModel.swift */; };
		53B0454322C06D8E003420C5 /* RoomViewModel.swift in Sources */ = {isa = PBXBuildFile; fileRef = 53B0454222C06D8E003420C5 /* RoomViewModel.swift */; };
		53B0454522C06F28003420C5 /* Starscream.framework in Frameworks */ = {isa = PBXBuildFile; fileRef = 53B0454422C06F28003420C5 /* Starscream.framework */; };
		53B0454822C07116003420C5 /* Message.swift in Sources */ = {isa = PBXBuildFile; fileRef = 53B0454722C07116003420C5 /* Message.swift */; };
		53B0454E22C0CA8F003420C5 /* AoyagiSosekiFont2.otf in Resources */ = {isa = PBXBuildFile; fileRef = 53B0454C22C0CA69003420C5 /* AoyagiSosekiFont2.otf */; };
		53B471C122C1F52B00F8258E /* CustomNavigationController.swift in Sources */ = {isa = PBXBuildFile; fileRef = 53B471C022C1F52B00F8258E /* CustomNavigationController.swift */; };
		53B471C922C2055300F8258E /* CustomUIButton.swift in Sources */ = {isa = PBXBuildFile; fileRef = 53B471C822C2055300F8258E /* CustomUIButton.swift */; };
		53B471CF22C3035F00F8258E /* CustomUIView.swift in Sources */ = {isa = PBXBuildFile; fileRef = 53B471CE22C3035F00F8258E /* CustomUIView.swift */; };
/* End PBXBuildFile section */

/* Begin PBXFileReference section */
		530E558322C454830099C77F /* CTUITextField.swift */ = {isa = PBXFileReference; lastKnownFileType = sourcecode.swift; path = CTUITextField.swift; sourceTree = "<group>"; };
		5347A7A122C30FB500EA0115 /* ModalViewController.swift */ = {isa = PBXFileReference; lastKnownFileType = sourcecode.swift; path = ModalViewController.swift; sourceTree = "<group>"; };
		5347A7AA22C3563900EA0115 /* CustomCollectionViewCell.swift */ = {isa = PBXFileReference; lastKnownFileType = sourcecode.swift; path = CustomCollectionViewCell.swift; sourceTree = "<group>"; };
		5347A7AB22C3563900EA0115 /* CustomCollectionViewCell.xib */ = {isa = PBXFileReference; lastKnownFileType = file.xib; path = CustomCollectionViewCell.xib; sourceTree = "<group>"; };
		53A7484222B9FE7600B737B8 /* ios-example.app */ = {isa = PBXFileReference; explicitFileType = wrapper.application; includeInIndex = 0; path = "ios-example.app"; sourceTree = BUILT_PRODUCTS_DIR; };
		53A7484522B9FE7600B737B8 /* AppDelegate.swift */ = {isa = PBXFileReference; lastKnownFileType = sourcecode.swift; path = AppDelegate.swift; sourceTree = "<group>"; };
		53A7484722B9FE7600B737B8 /* RoomListViewController.swift */ = {isa = PBXFileReference; lastKnownFileType = sourcecode.swift; path = RoomListViewController.swift; sourceTree = "<group>"; };
		53A7484A22B9FE7600B737B8 /* Base */ = {isa = PBXFileReference; lastKnownFileType = file.storyboard; name = Base; path = Base.lproj/Main.storyboard; sourceTree = "<group>"; };
		53A7484C22B9FE7800B737B8 /* Assets.xcassets */ = {isa = PBXFileReference; lastKnownFileType = folder.assetcatalog; path = Assets.xcassets; sourceTree = "<group>"; };
		53A7484F22B9FE7800B737B8 /* Base */ = {isa = PBXFileReference; lastKnownFileType = file.storyboard; name = Base; path = Base.lproj/LaunchScreen.storyboard; sourceTree = "<group>"; };
		53A7485122B9FE7800B737B8 /* Info.plist */ = {isa = PBXFileReference; lastKnownFileType = text.plist.xml; path = Info.plist; sourceTree = "<group>"; };
		53A7485822BA00D900B737B8 /* RxSwift.framework */ = {isa = PBXFileReference; lastKnownFileType = wrapper.framework; name = RxSwift.framework; path = Carthage/Build/iOS/RxSwift.framework; sourceTree = "<group>"; };
		53A7485B22BA016300B737B8 /* RxCocoa.framework */ = {isa = PBXFileReference; lastKnownFileType = wrapper.framework; name = RxCocoa.framework; path = Carthage/Build/iOS/RxCocoa.framework; sourceTree = "<group>"; };
		53A7485F22BA04F500B737B8 /* RxRelay.framework */ = {isa = PBXFileReference; lastKnownFileType = wrapper.framework; name = RxRelay.framework; path = Carthage/Build/iOS/RxRelay.framework; sourceTree = "<group>"; };
		53A7486622BB1DAB00B737B8 /* RoomViewController.swift */ = {isa = PBXFileReference; lastKnownFileType = sourcecode.swift; path = RoomViewController.swift; sourceTree = "<group>"; };
		53A7486A22BB40FD00B737B8 /* CoreText.framework */ = {isa = PBXFileReference; lastKnownFileType = wrapper.framework; name = CoreText.framework; path = System/Library/Frameworks/CoreText.framework; sourceTree = SDKROOT; };
		53A7487022BB542D00B737B8 /* CTLabel.swift */ = {isa = PBXFileReference; lastKnownFileType = sourcecode.swift; path = CTLabel.swift; sourceTree = "<group>"; };
		53A7487322BC782C00B737B8 /* CustomTableViewCell.swift */ = {isa = PBXFileReference; lastKnownFileType = sourcecode.swift; path = CustomTableViewCell.swift; sourceTree = "<group>"; };
		53A7487422BC782C00B737B8 /* CustomTableViewCell.xib */ = {isa = PBXFileReference; lastKnownFileType = file.xib; path = CustomTableViewCell.xib; sourceTree = "<group>"; };
		53B0453E22C06AA6003420C5 /* RootViewController.swift */ = {isa = PBXFileReference; lastKnownFileType = sourcecode.swift; path = RootViewController.swift; sourceTree = "<group>"; };
		53B0454022C06D4D003420C5 /* RoomListViewModel.swift */ = {isa = PBXFileReference; lastKnownFileType = sourcecode.swift; path = RoomListViewModel.swift; sourceTree = "<group>"; };
		53B0454222C06D8E003420C5 /* RoomViewModel.swift */ = {isa = PBXFileReference; lastKnownFileType = sourcecode.swift; path = RoomViewModel.swift; sourceTree = "<group>"; };
		53B0454422C06F28003420C5 /* Starscream.framework */ = {isa = PBXFileReference; lastKnownFileType = wrapper.framework; name = Starscream.framework; path = Carthage/Build/iOS/Starscream.framework; sourceTree = "<group>"; };
		53B0454722C07116003420C5 /* Message.swift */ = {isa = PBXFileReference; lastKnownFileType = sourcecode.swift; path = Message.swift; sourceTree = "<group>"; };
		53B0454C22C0CA69003420C5 /* AoyagiSosekiFont2.otf */ = {isa = PBXFileReference; lastKnownFileType = file; name = AoyagiSosekiFont2.otf; path = ../../../Desktop/AoyagiSosekiFont2.otf; sourceTree = "<group>"; };
		53B471C022C1F52B00F8258E /* CustomNavigationController.swift */ = {isa = PBXFileReference; lastKnownFileType = sourcecode.swift; path = CustomNavigationController.swift; sourceTree = "<group>"; };
		53B471C822C2055300F8258E /* CustomUIButton.swift */ = {isa = PBXFileReference; lastKnownFileType = sourcecode.swift; path = CustomUIButton.swift; sourceTree = "<group>"; };
		53B471CE22C3035F00F8258E /* CustomUIView.swift */ = {isa = PBXFileReference; lastKnownFileType = sourcecode.swift; path = CustomUIView.swift; sourceTree = "<group>"; };
/* End PBXFileReference section */

/* Begin PBXFrameworksBuildPhase section */
		53A7483F22B9FE7600B737B8 /* Frameworks */ = {
			isa = PBXFrameworksBuildPhase;
			buildActionMask = 2147483647;
			files = (
				53B0454522C06F28003420C5 /* Starscream.framework in Frameworks */,
				53A7486B22BB40FD00B737B8 /* CoreText.framework in Frameworks */,
				53A7486022BA04F500B737B8 /* RxRelay.framework in Frameworks */,
				53A7485E22BA03FA00B737B8 /* RxCocoa.framework in Frameworks */,
				53A7485D22BA03EE00B737B8 /* RxSwift.framework in Frameworks */,
			);
			runOnlyForDeploymentPostprocessing = 0;
		};
/* End PBXFrameworksBuildPhase section */

/* Begin PBXGroup section */
		5347A7A322C30FC700EA0115 /* Modal */ = {
			isa = PBXGroup;
			children = (
				5347A7A122C30FB500EA0115 /* ModalViewController.swift */,
			);
			path = Modal;
			sourceTree = "<group>";
		};
		5347A7A422C3384A00EA0115 /* CustomUI */ = {
			isa = PBXGroup;
			children = (
				53B471C822C2055300F8258E /* CustomUIButton.swift */,
				53B471CE22C3035F00F8258E /* CustomUIView.swift */,
			);
			path = CustomUI;
			sourceTree = "<group>";
		};
		5347A7AE22C3563E00EA0115 /* CustomCollectionViewCell */ = {
			isa = PBXGroup;
			children = (
				5347A7AB22C3563900EA0115 /* CustomCollectionViewCell.xib */,
				530E558322C454830099C77F /* CTUITextField.swift */,
				5347A7AA22C3563900EA0115 /* CustomCollectionViewCell.swift */,
			);
			path = CustomCollectionViewCell;
			sourceTree = "<group>";
		};
		53A7483922B9FE7600B737B8 = {
			isa = PBXGroup;
			children = (
				53A7484422B9FE7600B737B8 /* ios-example */,
				53A7484322B9FE7600B737B8 /* Products */,
				53A7485722BA00D900B737B8 /* Frameworks */,
			);
			sourceTree = "<group>";
		};
		53A7484322B9FE7600B737B8 /* Products */ = {
			isa = PBXGroup;
			children = (
				53A7484222B9FE7600B737B8 /* ios-example.app */,
			);
			name = Products;
			sourceTree = "<group>";
		};
		53A7484422B9FE7600B737B8 /* ios-example */ = {
			isa = PBXGroup;
			children = (
				5347A7AE22C3563E00EA0115 /* CustomCollectionViewCell */,
				5347A7A422C3384A00EA0115 /* CustomUI */,
				5347A7A322C30FC700EA0115 /* Modal */,
				53B471C222C1F53300F8258E /* CustomNavigation */,
				53B0454922C09F13003420C5 /* Extension */,
				53B0454622C07107003420C5 /* Model */,
				53B0453D22C06A96003420C5 /* Root */,
				53A7487722BC783A00B737B8 /* CustomTableViewCell */,
				53A7487222BC731700B737B8 /* CTLabel */,
				53A7486922BB1E0800B737B8 /* RoomList */,
				53A7486822BB1DF100B737B8 /* Room */,
				53A7484522B9FE7600B737B8 /* AppDelegate.swift */,
				53A7484922B9FE7600B737B8 /* Main.storyboard */,
				53B0454C22C0CA69003420C5 /* AoyagiSosekiFont2.otf */,
				53A7484C22B9FE7800B737B8 /* Assets.xcassets */,
				53A7484E22B9FE7800B737B8 /* LaunchScreen.storyboard */,
				53A7485122B9FE7800B737B8 /* Info.plist */,
			);
			path = "ios-example";
			sourceTree = "<group>";
		};
		53A7485722BA00D900B737B8 /* Frameworks */ = {
			isa = PBXGroup;
			children = (
				53B0454422C06F28003420C5 /* Starscream.framework */,
				53A7486A22BB40FD00B737B8 /* CoreText.framework */,
				53A7485F22BA04F500B737B8 /* RxRelay.framework */,
				53A7485B22BA016300B737B8 /* RxCocoa.framework */,
				53A7485822BA00D900B737B8 /* RxSwift.framework */,
			);
			name = Frameworks;
			sourceTree = "<group>";
		};
		53A7486822BB1DF100B737B8 /* Room */ = {
			isa = PBXGroup;
			children = (
				53A7486622BB1DAB00B737B8 /* RoomViewController.swift */,
				53B0454222C06D8E003420C5 /* RoomViewModel.swift */,
			);
			path = Room;
			sourceTree = "<group>";
		};
		53A7486922BB1E0800B737B8 /* RoomList */ = {
			isa = PBXGroup;
			children = (
				53A7484722B9FE7600B737B8 /* RoomListViewController.swift */,
				53B0454022C06D4D003420C5 /* RoomListViewModel.swift */,
			);
			path = RoomList;
			sourceTree = "<group>";
		};
		53A7487222BC731700B737B8 /* CTLabel */ = {
			isa = PBXGroup;
			children = (
				53A7487022BB542D00B737B8 /* CTLabel.swift */,
			);
			path = CTLabel;
			sourceTree = "<group>";
		};
		53A7487722BC783A00B737B8 /* CustomTableViewCell */ = {
			isa = PBXGroup;
			children = (
				53A7487422BC782C00B737B8 /* CustomTableViewCell.xib */,
				53A7487322BC782C00B737B8 /* CustomTableViewCell.swift */,
			);
			name = CustomTableViewCell;
			path = ..;
			sourceTree = "<group>";
		};
		53B0453D22C06A96003420C5 /* Root */ = {
			isa = PBXGroup;
			children = (
				53B0453E22C06AA6003420C5 /* RootViewController.swift */,
			);
			path = Root;
			sourceTree = "<group>";
		};
		53B0454622C07107003420C5 /* Model */ = {
			isa = PBXGroup;
			children = (
				53B0454722C07116003420C5 /* Message.swift */,
			);
			path = Model;
			sourceTree = "<group>";
		};
		53B0454922C09F13003420C5 /* Extension */ = {
			isa = PBXGroup;
			children = (
			);
			path = Extension;
			sourceTree = "<group>";
		};
		53B471C222C1F53300F8258E /* CustomNavigation */ = {
			isa = PBXGroup;
			children = (
				53B471C022C1F52B00F8258E /* CustomNavigationController.swift */,
			);
			path = CustomNavigation;
			sourceTree = "<group>";
		};
/* End PBXGroup section */

/* Begin PBXNativeTarget section */
		53A7484122B9FE7600B737B8 /* ios-example */ = {
			isa = PBXNativeTarget;
			buildConfigurationList = 53A7485422B9FE7800B737B8 /* Build configuration list for PBXNativeTarget "ios-example" */;
			buildPhases = (
				53A7483E22B9FE7600B737B8 /* Sources */,
				53A7483F22B9FE7600B737B8 /* Frameworks */,
				53A7484022B9FE7600B737B8 /* Resources */,
				53A7485A22BA00FA00B737B8 /* ShellScript */,
			);
			buildRules = (
			);
			dependencies = (
			);
			name = "ios-example";
			productName = "ios-example";
			productReference = 53A7484222B9FE7600B737B8 /* ios-example.app */;
			productType = "com.apple.product-type.application";
		};
/* End PBXNativeTarget section */

/* Begin PBXProject section */
		53A7483A22B9FE7600B737B8 /* Project object */ = {
			isa = PBXProject;
			attributes = {
				LastSwiftUpdateCheck = 1020;
				LastUpgradeCheck = 1020;
				ORGANIZATIONNAME = "Kento Shiroyama";
				TargetAttributes = {
					53A7484122B9FE7600B737B8 = {
						CreatedOnToolsVersion = 10.2.1;
					};
				};
			};
			buildConfigurationList = 53A7483D22B9FE7600B737B8 /* Build configuration list for PBXProject "ios-example" */;
			compatibilityVersion = "Xcode 9.3";
			developmentRegion = en;
			hasScannedForEncodings = 0;
			knownRegions = (
				en,
				Base,
			);
			mainGroup = 53A7483922B9FE7600B737B8;
			productRefGroup = 53A7484322B9FE7600B737B8 /* Products */;
			projectDirPath = "";
			projectRoot = "";
			targets = (
				53A7484122B9FE7600B737B8 /* ios-example */,
			);
		};
/* End PBXProject section */

/* Begin PBXResourcesBuildPhase section */
		53A7484022B9FE7600B737B8 /* Resources */ = {
			isa = PBXResourcesBuildPhase;
			buildActionMask = 2147483647;
			files = (
				53B0454E22C0CA8F003420C5 /* AoyagiSosekiFont2.otf in Resources */,
				5347A7AD22C3563900EA0115 /* CustomCollectionViewCell.xib in Resources */,
				53A7485022B9FE7800B737B8 /* LaunchScreen.storyboard in Resources */,
				53A7484D22B9FE7800B737B8 /* Assets.xcassets in Resources */,
				53A7487622BC782C00B737B8 /* CustomTableViewCell.xib in Resources */,
				53A7484B22B9FE7600B737B8 /* Main.storyboard in Resources */,
			);
			runOnlyForDeploymentPostprocessing = 0;
		};
/* End PBXResourcesBuildPhase section */

/* Begin PBXShellScriptBuildPhase section */
		53A7485A22BA00FA00B737B8 /* ShellScript */ = {
			isa = PBXShellScriptBuildPhase;
			buildActionMask = 2147483647;
			files = (
			);
			inputFileListPaths = (
			);
			inputPaths = (
				"$(SRCROOT)/Carthage/Build/iOS/RxSwift.framework",
				"$(SRCROOT)/Carthage/Build/iOS/RxCocoa.framework",
				"$(SRCROOT)/Carthage/Build/iOS/RxRelay.framework",
				"$(SRCROOT)/Carthage/Build/iOS/Starscream.framework",
			);
			outputFileListPaths = (
			);
			outputPaths = (
			);
			runOnlyForDeploymentPostprocessing = 0;
			shellPath = /bin/sh;
			shellScript = "# Type a script or drag a script file from your workspace to insert its path.\n/usr/local/bin/carthage copy-frameworks\n";
		};
/* End PBXShellScriptBuildPhase section */

/* Begin PBXSourcesBuildPhase section */
		53A7483E22B9FE7600B737B8 /* Sources */ = {
			isa = PBXSourcesBuildPhase;
			buildActionMask = 2147483647;
			files = (
				53A7484822B9FE7600B737B8 /* RoomListViewController.swift in Sources */,
				5347A7AC22C3563900EA0115 /* CustomCollectionViewCell.swift in Sources */,
				53B471CF22C3035F00F8258E /* CustomUIView.swift in Sources */,
				53A7487522BC782C00B737B8 /* CustomTableViewCell.swift in Sources */,
				53B0453F22C06AA6003420C5 /* RootViewController.swift in Sources */,
				53B0454822C07116003420C5 /* Message.swift in Sources */,
				53A7487122BB542D00B737B8 /* CTLabel.swift in Sources */,
				53A7484622B9FE7600B737B8 /* AppDelegate.swift in Sources */,
				53B471C922C2055300F8258E /* CustomUIButton.swift in Sources */,
				53B471C122C1F52B00F8258E /* CustomNavigationController.swift in Sources */,
				5347A7A222C30FB500EA0115 /* ModalViewController.swift in Sources */,
				53B0454122C06D4D003420C5 /* RoomListViewModel.swift in Sources */,
				53A7486722BB1DAB00B737B8 /* RoomViewController.swift in Sources */,
				530E558422C454830099C77F /* CTUITextField.swift in Sources */,
				53B0454322C06D8E003420C5 /* RoomViewModel.swift in Sources */,
			);
			runOnlyForDeploymentPostprocessing = 0;
		};
/* End PBXSourcesBuildPhase section */

/* Begin PBXVariantGroup section */
		53A7484922B9FE7600B737B8 /* Main.storyboard */ = {
			isa = PBXVariantGroup;
			children = (
				53A7484A22B9FE7600B737B8 /* Base */,
			);
			name = Main.storyboard;
			sourceTree = "<group>";
		};
		53A7484E22B9FE7800B737B8 /* LaunchScreen.storyboard */ = {
			isa = PBXVariantGroup;
			children = (
				53A7484F22B9FE7800B737B8 /* Base */,
			);
			name = LaunchScreen.storyboard;
			sourceTree = "<group>";
		};
/* End PBXVariantGroup section */

/* Begin XCBuildConfiguration section */
		53A7485222B9FE7800B737B8 /* Debug */ = {
			isa = XCBuildConfiguration;
			buildSettings = {
				ALWAYS_SEARCH_USER_PATHS = NO;
				CLANG_ANALYZER_NONNULL = YES;
				CLANG_ANALYZER_NUMBER_OBJECT_CONVERSION = YES_AGGRESSIVE;
				CLANG_CXX_LANGUAGE_STANDARD = "gnu++14";
				CLANG_CXX_LIBRARY = "libc++";
				CLANG_ENABLE_MODULES = YES;
				CLANG_ENABLE_OBJC_ARC = YES;
				CLANG_ENABLE_OBJC_WEAK = YES;
				CLANG_WARN_BLOCK_CAPTURE_AUTORELEASING = YES;
				CLANG_WARN_BOOL_CONVERSION = YES;
				CLANG_WARN_COMMA = YES;
				CLANG_WARN_CONSTANT_CONVERSION = YES;
				CLANG_WARN_DEPRECATED_OBJC_IMPLEMENTATIONS = YES;
				CLANG_WARN_DIRECT_OBJC_ISA_USAGE = YES_ERROR;
				CLANG_WARN_DOCUMENTATION_COMMENTS = YES;
				CLANG_WARN_EMPTY_BODY = YES;
				CLANG_WARN_ENUM_CONVERSION = YES;
				CLANG_WARN_INFINITE_RECURSION = YES;
				CLANG_WARN_INT_CONVERSION = YES;
				CLANG_WARN_NON_LITERAL_NULL_CONVERSION = YES;
				CLANG_WARN_OBJC_IMPLICIT_RETAIN_SELF = YES;
				CLANG_WARN_OBJC_LITERAL_CONVERSION = YES;
				CLANG_WARN_OBJC_ROOT_CLASS = YES_ERROR;
				CLANG_WARN_RANGE_LOOP_ANALYSIS = YES;
				CLANG_WARN_STRICT_PROTOTYPES = YES;
				CLANG_WARN_SUSPICIOUS_MOVE = YES;
				CLANG_WARN_UNGUARDED_AVAILABILITY = YES_AGGRESSIVE;
				CLANG_WARN_UNREACHABLE_CODE = YES;
				CLANG_WARN__DUPLICATE_METHOD_MATCH = YES;
				CODE_SIGN_IDENTITY = "iPhone Developer";
				COPY_PHASE_STRIP = NO;
				DEBUG_INFORMATION_FORMAT = dwarf;
				ENABLE_STRICT_OBJC_MSGSEND = YES;
				ENABLE_TESTABILITY = YES;
				GCC_C_LANGUAGE_STANDARD = gnu11;
				GCC_DYNAMIC_NO_PIC = NO;
				GCC_NO_COMMON_BLOCKS = YES;
				GCC_OPTIMIZATION_LEVEL = 0;
				GCC_PREPROCESSOR_DEFINITIONS = (
					"DEBUG=1",
					"$(inherited)",
				);
				GCC_WARN_64_TO_32_BIT_CONVERSION = YES;
				GCC_WARN_ABOUT_RETURN_TYPE = YES_ERROR;
				GCC_WARN_UNDECLARED_SELECTOR = YES;
				GCC_WARN_UNINITIALIZED_AUTOS = YES_AGGRESSIVE;
				GCC_WARN_UNUSED_FUNCTION = YES;
				GCC_WARN_UNUSED_VARIABLE = YES;
				IPHONEOS_DEPLOYMENT_TARGET = 12.2;
				MTL_ENABLE_DEBUG_INFO = INCLUDE_SOURCE;
				MTL_FAST_MATH = YES;
				ONLY_ACTIVE_ARCH = YES;
				SDKROOT = iphoneos;
				SWIFT_ACTIVE_COMPILATION_CONDITIONS = DEBUG;
				SWIFT_OPTIMIZATION_LEVEL = "-Onone";
			};
			name = Debug;
		};
		53A7485322B9FE7800B737B8 /* Release */ = {
			isa = XCBuildConfiguration;
			buildSettings = {
				ALWAYS_SEARCH_USER_PATHS = NO;
				CLANG_ANALYZER_NONNULL = YES;
				CLANG_ANALYZER_NUMBER_OBJECT_CONVERSION = YES_AGGRESSIVE;
				CLANG_CXX_LANGUAGE_STANDARD = "gnu++14";
				CLANG_CXX_LIBRARY = "libc++";
				CLANG_ENABLE_MODULES = YES;
				CLANG_ENABLE_OBJC_ARC = YES;
				CLANG_ENABLE_OBJC_WEAK = YES;
				CLANG_WARN_BLOCK_CAPTURE_AUTORELEASING = YES;
				CLANG_WARN_BOOL_CONVERSION = YES;
				CLANG_WARN_COMMA = YES;
				CLANG_WARN_CONSTANT_CONVERSION = YES;
				CLANG_WARN_DEPRECATED_OBJC_IMPLEMENTATIONS = YES;
				CLANG_WARN_DIRECT_OBJC_ISA_USAGE = YES_ERROR;
				CLANG_WARN_DOCUMENTATION_COMMENTS = YES;
				CLANG_WARN_EMPTY_BODY = YES;
				CLANG_WARN_ENUM_CONVERSION = YES;
				CLANG_WARN_INFINITE_RECURSION = YES;
				CLANG_WARN_INT_CONVERSION = YES;
				CLANG_WARN_NON_LITERAL_NULL_CONVERSION = YES;
				CLANG_WARN_OBJC_IMPLICIT_RETAIN_SELF = YES;
				CLANG_WARN_OBJC_LITERAL_CONVERSION = YES;
				CLANG_WARN_OBJC_ROOT_CLASS = YES_ERROR;
				CLANG_WARN_RANGE_LOOP_ANALYSIS = YES;
				CLANG_WARN_STRICT_PROTOTYPES = YES;
				CLANG_WARN_SUSPICIOUS_MOVE = YES;
				CLANG_WARN_UNGUARDED_AVAILABILITY = YES_AGGRESSIVE;
				CLANG_WARN_UNREACHABLE_CODE = YES;
				CLANG_WARN__DUPLICATE_METHOD_MATCH = YES;
				CODE_SIGN_IDENTITY = "iPhone Developer";
				COPY_PHASE_STRIP = NO;
				DEBUG_INFORMATION_FORMAT = "dwarf-with-dsym";
				ENABLE_NS_ASSERTIONS = NO;
				ENABLE_STRICT_OBJC_MSGSEND = YES;
				GCC_C_LANGUAGE_STANDARD = gnu11;
				GCC_NO_COMMON_BLOCKS = YES;
				GCC_WARN_64_TO_32_BIT_CONVERSION = YES;
				GCC_WARN_ABOUT_RETURN_TYPE = YES_ERROR;
				GCC_WARN_UNDECLARED_SELECTOR = YES;
				GCC_WARN_UNINITIALIZED_AUTOS = YES_AGGRESSIVE;
				GCC_WARN_UNUSED_FUNCTION = YES;
				GCC_WARN_UNUSED_VARIABLE = YES;
				IPHONEOS_DEPLOYMENT_TARGET = 12.2;
				MTL_ENABLE_DEBUG_INFO = NO;
				MTL_FAST_MATH = YES;
				SDKROOT = iphoneos;
				SWIFT_COMPILATION_MODE = wholemodule;
				SWIFT_OPTIMIZATION_LEVEL = "-O";
				VALIDATE_PRODUCT = YES;
			};
			name = Release;
		};
		53A7485522B9FE7800B737B8 /* Debug */ = {
			isa = XCBuildConfiguration;
			buildSettings = {
				ASSETCATALOG_COMPILER_APPICON_NAME = AppIcon;
				CODE_SIGN_STYLE = Automatic;
				FRAMEWORK_SEARCH_PATHS = (
					"$(inherited)",
					"$(PROJECT_DIR)/Carthage/Build/iOS",
				);
				INFOPLIST_FILE = "ios-example/Info.plist";
				LD_RUNPATH_SEARCH_PATHS = (
					"$(inherited)",
					"@executable_path/Frameworks",
				);
				PRODUCT_BUNDLE_IDENTIFIER = "com.kento-shiroyama.ios-example";
				PRODUCT_NAME = "$(TARGET_NAME)";
				SWIFT_VERSION = 5.0;
				TARGETED_DEVICE_FAMILY = "1,2";
			};
			name = Debug;
		};
		53A7485622B9FE7800B737B8 /* Release */ = {
			isa = XCBuildConfiguration;
			buildSettings = {
				ASSETCATALOG_COMPILER_APPICON_NAME = AppIcon;
				CODE_SIGN_STYLE = Automatic;
				FRAMEWORK_SEARCH_PATHS = (
					"$(inherited)",
					"$(PROJECT_DIR)/Carthage/Build/iOS",
				);
				INFOPLIST_FILE = "ios-example/Info.plist";
				LD_RUNPATH_SEARCH_PATHS = (
					"$(inherited)",
					"@executable_path/Frameworks",
				);
				PRODUCT_BUNDLE_IDENTIFIER = "com.kento-shiroyama.ios-example";
				PRODUCT_NAME = "$(TARGET_NAME)";
				SWIFT_VERSION = 5.0;
				TARGETED_DEVICE_FAMILY = "1,2";
			};
			name = Release;
		};
/* End XCBuildConfiguration section */

/* Begin XCConfigurationList section */
		53A7483D22B9FE7600B737B8 /* Build configuration list for PBXProject "ios-example" */ = {
			isa = XCConfigurationList;
			buildConfigurations = (
				53A7485222B9FE7800B737B8 /* Debug */,
				53A7485322B9FE7800B737B8 /* Release */,
			);
			defaultConfigurationIsVisible = 0;
			defaultConfigurationName = Release;
		};
		53A7485422B9FE7800B737B8 /* Build configuration list for PBXNativeTarget "ios-example" */ = {
			isa = XCConfigurationList;
			buildConfigurations = (
				53A7485522B9FE7800B737B8 /* Debug */,
				53A7485622B9FE7800B737B8 /* Release */,
			);
			defaultConfigurationIsVisible = 0;
			defaultConfigurationName = Release;
		};
/* End XCConfigurationList section */
	};
	rootObject = 53A7483A22B9FE7600B737B8 /* Project object */;
}
